
Microsoft Visual Studio Solution File, Format Version 12.00
# Visual Studio Version 16
VisualStudioVersion = 16.0.30717.126
MinimumVisualStudioVersion = 10.0.40219.1
Project("{9A19103F-16F7-4668-BE54-9A1E7A4F7556}") = "NamedRegex", "NamedRegex\NamedRegex.csproj", "{AD444E83-7F77-4B42-97C7-73E9870EC088}"
EndProject
Project("{9A19103F-16F7-4668-BE54-9A1E7A4F7556}") = "NamedRegex.Driver", "NamedRegex.Driver\NamedRegex.Driver.csproj", "{8139FD4B-3DC1-49C6-8CD2-E1D40301BC1D}"
EndProject
Project("{9A19103F-16F7-4668-BE54-9A1E7A4F7556}") = "NamedRegex.Tests", "NamedRegex.Tests\NamedRegex.Tests.csproj", "{B32D8DFA-9D1F-489B-B303-1C41A65319C8}"
EndProject
Global
	GlobalSection(SolutionConfigurationPlatforms) = preSolution
		Debug|Any CPU = Debug|Any CPU
		Release|Any CPU = Release|Any CPU
	EndGlobalSection
	GlobalSection(ProjectConfigurationPlatforms) = postSolution
		{AD444E83-7F77-4B42-97C7-73E9870EC088}.Debug|Any CPU.ActiveCfg = Debug|Any CPU
		{AD444E83-7F77-4B42-97C7-73E9870EC088}.Debug|Any CPU.Build.0 = Debug|Any CPU
		{AD444E83-7F77-4B42-97C7-73E9870EC088}.Release|Any CPU.ActiveCfg = Release|Any CPU
		{AD444E83-7F77-4B42-97C7-73E9870EC088}.Release|Any CPU.Build.0 = Release|Any CPU
		{8139FD4B-3DC1-49C6-8CD2-E1D40301BC1D}.Debug|Any CPU.ActiveCfg = Debug|Any CPU
		{8139FD4B-3DC1-49C6-8CD2-E1D40301BC1D}.Debug|Any CPU.Build.0 = Debug|Any CPU
		{8139FD4B-3DC1-49C6-8CD2-E1D40301BC1D}.Release|Any CPU.ActiveCfg = Release|Any CPU
		{8139FD4B-3DC1-49C6-8CD2-E1D40301BC1D}.Release|Any CPU.Build.0 = Release|Any CPU
		{B32D8DFA-9D1F-489B-B303-1C41A65319C8}.Debug|Any CPU.ActiveCfg = Debug|Any CPU
		{B32D8DFA-9D1F-489B-B303-1C41A65319C8}.Debug|Any CPU.Build.0 = Debug|Any CPU
		{B32D8DFA-9D1F-489B-B303-1C41A65319C8}.Release|Any CPU.ActiveCfg = Release|Any CPU
		{B32D8DFA-9D1F-489B-B303-1C41A65319C8}.Release|Any CPU.Build.0 = Release|Any CPU
	EndGlobalSection
	GlobalSection(SolutionProperties) = preSolution
		HideSolutionNode = FALSE
	EndGlobalSection
	GlobalSection(ExtensibilityGlobals) = postSolution
		SolutionGuid = {753D75B1-AB2C-4B19-9360-68B7B1EF529B}
	EndGlobalSection
EndGlobal
